{
  "originHash" : "ed6dea94b7193c3505e358870f2077b86a49d00a3c2d729cb1b9e2d5cfb2f3a4",
  "pins" : [
    {
      "identity" : "openssl",
      "kind" : "remoteSourceControl",
      "location" : "https://github.com/krzyzanowskim/OpenSSL",
      "state" : {
        "revision" : "fcd4b8aab6de663b23377b0c75dad89e101731e7",
        "version" : "3.1.5001"
      }
    },
    {
      "identity" : "swiftsdl2",
      "kind" : "remoteSourceControl",
      "location" : "https://github.com/ctreffs/SwiftSDL2",
      "state" : {
        "revision" : "30a2886bd68e43fc19ba29b63ffe230ac0e4db7a",
        "version" : "1.4.1"
      }
    },
    {
      "identity" : "xbrz",
      "kind" : "remoteSourceControl",
      "location" : "https://github.com/jarrodnorwell/XBRZ",
      "state" : {
        "branch" : "main",
        "revision" : "0e96bf3fc42d83db42b4f5d4b3a21e97a7586979"
      }
    },
    {
      "identity" : "zstd",
      "kind" : "remoteSourceControl",
      "location" : "https://github.com/facebook/zstd",
      "state" : {
        "branch" : "dev",
        "revision" : "da797d0a4354108f396eb2858479de0704f740ab"
      }
    }
  ],
  "version" : 3
}
